
Microsoft Visual Studio Solution File, Format Version 12.00
# Visual Studio 15
VisualStudioVersion = 15.0.28307.489
MinimumVisualStudioVersion = 10.0.40219.1
Project("{FAE04EC0-301F-11D3-BF4B-00C04F79EFBC}") = "ListReview", "ListReview\ListReview.csproj", "{21CDB687-843A-4A6E-9B60-12339ACC7537}"
EndProject
Global
	GlobalSection(SolutionConfigurationPlatforms) = preSolution
		Debug|Any CPU = Debug|Any CPU
		Release|Any CPU = Release|Any CPU
	EndGlobalSection
	GlobalSection(ProjectConfigurationPlatforms) = postSolution
		{21CDB687-843A-4A6E-9B60-12339ACC7537}.Debug|Any CPU.ActiveCfg = Debug|Any CPU
		{21CDB687-843A-4A6E-9B60-12339ACC7537}.Debug|Any CPU.Build.0 = Debug|Any CPU
		{21CDB687-843A-4A6E-9B60-12339ACC7537}.Release|Any CPU.ActiveCfg = Release|Any CPU
		{21CDB687-843A-4A6E-9B60-12339ACC7537}.Release|Any CPU.Build.0 = Release|Any CPU
	EndGlobalSection
	GlobalSection(SolutionProperties) = preSolution
		HideSolutionNode = FALSE
	EndGlobalSection
	GlobalSection(ExtensibilityGlobals) = postSolution
		SolutionGuid = {17FFB4A6-703B-4959-A499-02D71CDC44F6}
	EndGlobalSection
EndGlobal
